// !$*UTF8*$!
{
	archiveVersion = 1;
	classes = {
	};
	objectVersion = 51;
	objects = {

/* Begin PBXBuildFile section */
		1E6EF7D22601D4A2002F700A /* AppDelegate.swift in Sources */ = {isa = PBXBuildFile; fileRef = 1E6EF7D12601D4A2002F700A /* AppDelegate.swift */; };
		1E6EF7D42601D4A2002F700A /* SceneDelegate.swift in Sources */ = {isa = PBXBuildFile; fileRef = 1E6EF7D32601D4A2002F700A /* SceneDelegate.swift */; };
		1E6EF7D62601D4A2002F700A /* ViewController.swift in Sources */ = {isa = PBXBuildFile; fileRef = 1E6EF7D52601D4A2002F700A /* ViewController.swift */; };
		1E6EF7DB2601D4A3002F700A /* Assets.xcassets in Resources */ = {isa = PBXBuildFile; fileRef = 1E6EF7DA2601D4A3002F700A /* Assets.xcassets */; };
		1E6EF7DE2601D4A3002F700A /* LaunchScreen.storyboard in Resources */ = {isa = PBXBuildFile; fileRef = 1E6EF7DC2601D4A3002F700A /* LaunchScreen.storyboard */; };
		1E6EF7E92601D4A3002F700A /* TakeHomeTests.swift in Sources */ = {isa = PBXBuildFile; fileRef = 1E6EF7E82601D4A3002F700A /* TakeHomeTests.swift */; };
		1E6EF7F42601D4A3002F700A /* TakeHomeUITests.swift in Sources */ = {isa = PBXBuildFile; fileRef = 1E6EF7F32601D4A3002F700A /* TakeHomeUITests.swift */; };
		1E6EF98526026867002F700A /* RestClient.swift in Sources */ = {isa = PBXBuildFile; fileRef = 1E6EF98426026867002F700A /* RestClient.swift */; };
		1E6EF98D2602688F002F700A /* APIRouter.swift in Sources */ = {isa = PBXBuildFile; fileRef = 1E6EF98C2602688F002F700A /* APIRouter.swift */; };
		1E6EF99526026C56002F700A /* Constant.swift in Sources */ = {isa = PBXBuildFile; fileRef = 1E6EF99426026C56002F700A /* Constant.swift */; };
		1E6EF99C260327AC002F700A /* PoisDTO.swift in Sources */ = {isa = PBXBuildFile; fileRef = 1E6EF99B260327AC002F700A /* PoisDTO.swift */; };
		1E6EF9A126032863002F700A /* GetPoisUseCase.swift in Sources */ = {isa = PBXBuildFile; fileRef = 1E6EF9A026032863002F700A /* GetPoisUseCase.swift */; };
		1E6EF9A72603292B002F700A /* PoisRepository.swift in Sources */ = {isa = PBXBuildFile; fileRef = 1E6EF9A62603292B002F700A /* PoisRepository.swift */; };
		1E6EF9AD260329B0002F700A /* PoisAPIClient.swift in Sources */ = {isa = PBXBuildFile; fileRef = 1E6EF9AC260329B0002F700A /* PoisAPIClient.swift */; };
		1E6EF9B826038041002F700A /* CoreDependencies.swift in Sources */ = {isa = PBXBuildFile; fileRef = 1E6EF9B726038041002F700A /* CoreDependencies.swift */; };
		1E6EF9BD26038176002F700A /* APICoreDependencies.swift in Sources */ = {isa = PBXBuildFile; fileRef = 1E6EF9BC26038176002F700A /* APICoreDependencies.swift */; };
		1E6EF9C52603821B002F700A /* PoisCoreDependencies.swift in Sources */ = {isa = PBXBuildFile; fileRef = 1E6EF9C42603821B002F700A /* PoisCoreDependencies.swift */; };
		1E6EF9D4260385DA002F700A /* UIDependencies.swift in Sources */ = {isa = PBXBuildFile; fileRef = 1E6EF9D3260385DA002F700A /* UIDependencies.swift */; };
		1E6EF9E92603A553002F700A /* ListDependencies.swift in Sources */ = {isa = PBXBuildFile; fileRef = 1E6EF9E82603A553002F700A /* ListDependencies.swift */; };
		1E6EF9F72603A5ED002F700A /* BaseViewController.swift in Sources */ = {isa = PBXBuildFile; fileRef = 1E6EF9F62603A5ED002F700A /* BaseViewController.swift */; };
		1E6EF9FD2603A685002F700A /* Extensions.swift in Sources */ = {isa = PBXBuildFile; fileRef = 1E6EF9FC2603A685002F700A /* Extensions.swift */; };
		1E6EFA052603A70F002F700A /* MapDependencies.swift in Sources */ = {isa = PBXBuildFile; fileRef = 1E6EFA042603A70F002F700A /* MapDependencies.swift */; };
		1E6EFA0A2603A7EC002F700A /* ListViewController.swift in Sources */ = {isa = PBXBuildFile; fileRef = 1E6EFA092603A7EC002F700A /* ListViewController.swift */; };
		1E6EFA152603A811002F700A /* MapViewController.swift in Sources */ = {isa = PBXBuildFile; fileRef = 1E6EFA142603A811002F700A /* MapViewController.swift */; };
		1E6EFA1D2603A8E8002F700A /* ListPresenter.swift in Sources */ = {isa = PBXBuildFile; fileRef = 1E6EFA1C2603A8E8002F700A /* ListPresenter.swift */; };
		1E6EFA222603A923002F700A /* MapPresenter.swift in Sources */ = {isa = PBXBuildFile; fileRef = 1E6EFA212603A923002F700A /* MapPresenter.swift */; };
		4F64796E566D05B5E27B5BF2 /* Pods_TakeHome_TakeHomeUITests.framework in Frameworks */ = {isa = PBXBuildFile; fileRef = E2C77AA20772996228285346 /* Pods_TakeHome_TakeHomeUITests.framework */; };
		A2F770DBE47A8FA5A028CABA /* Pods_TakeHome.framework in Frameworks */ = {isa = PBXBuildFile; fileRef = 21AF187C469A81775179A399 /* Pods_TakeHome.framework */; };
		FDBCF8207CAF74C53D09B842 /* Pods_TakeHomeTests.framework in Frameworks */ = {isa = PBXBuildFile; fileRef = 60B885242F22C6BCEE1DB913 /* Pods_TakeHomeTests.framework */; };
/* End PBXBuildFile section */

/* Begin PBXContainerItemProxy section */
		1E6EF7E52601D4A3002F700A /* PBXContainerItemProxy */ = {
			isa = PBXContainerItemProxy;
			containerPortal = 1E6EF7C62601D4A2002F700A /* Project object */;
			proxyType = 1;
			remoteGlobalIDString = 1E6EF7CD2601D4A2002F700A;
			remoteInfo = TakeHome;
		};
		1E6EF7F02601D4A3002F700A /* PBXContainerItemProxy */ = {
			isa = PBXContainerItemProxy;
			containerPortal = 1E6EF7C62601D4A2002F700A /* Project object */;
			proxyType = 1;
			remoteGlobalIDString = 1E6EF7CD2601D4A2002F700A;
			remoteInfo = TakeHome;
		};
/* End PBXContainerItemProxy section */

/* Begin PBXFileReference section */
		19C61996F5F92445E382E194 /* Pods-TakeHome-TakeHomeUITests.release.xcconfig */ = {isa = PBXFileReference; includeInIndex = 1; lastKnownFileType = text.xcconfig; name = "Pods-TakeHome-TakeHomeUITests.release.xcconfig"; path = "Target Support Files/Pods-TakeHome-TakeHomeUITests/Pods-TakeHome-TakeHomeUITests.release.xcconfig"; sourceTree = "<group>"; };
		1E6EF7CE2601D4A2002F700A /* TakeHome.app */ = {isa = PBXFileReference; explicitFileType = wrapper.application; includeInIndex = 0; path = TakeHome.app; sourceTree = BUILT_PRODUCTS_DIR; };
		1E6EF7D12601D4A2002F700A /* AppDelegate.swift */ = {isa = PBXFileReference; lastKnownFileType = sourcecode.swift; path = AppDelegate.swift; sourceTree = "<group>"; };
		1E6EF7D32601D4A2002F700A /* SceneDelegate.swift */ = {isa = PBXFileReference; lastKnownFileType = sourcecode.swift; path = SceneDelegate.swift; sourceTree = "<group>"; };
		1E6EF7D52601D4A2002F700A /* ViewController.swift */ = {isa = PBXFileReference; lastKnownFileType = sourcecode.swift; path = ViewController.swift; sourceTree = "<group>"; };
		1E6EF7DA2601D4A3002F700A /* Assets.xcassets */ = {isa = PBXFileReference; lastKnownFileType = folder.assetcatalog; path = Assets.xcassets; sourceTree = "<group>"; };
		1E6EF7DD2601D4A3002F700A /* Base */ = {isa = PBXFileReference; lastKnownFileType = file.storyboard; name = Base; path = Base.lproj/LaunchScreen.storyboard; sourceTree = "<group>"; };
		1E6EF7DF2601D4A3002F700A /* Info.plist */ = {isa = PBXFileReference; lastKnownFileType = text.plist.xml; path = Info.plist; sourceTree = "<group>"; };
		1E6EF7E42601D4A3002F700A /* TakeHomeTests.xctest */ = {isa = PBXFileReference; explicitFileType = wrapper.cfbundle; includeInIndex = 0; path = TakeHomeTests.xctest; sourceTree = BUILT_PRODUCTS_DIR; };
		1E6EF7E82601D4A3002F700A /* TakeHomeTests.swift */ = {isa = PBXFileReference; lastKnownFileType = sourcecode.swift; path = TakeHomeTests.swift; sourceTree = "<group>"; };
		1E6EF7EA2601D4A3002F700A /* Info.plist */ = {isa = PBXFileReference; lastKnownFileType = text.plist.xml; path = Info.plist; sourceTree = "<group>"; };
		1E6EF7EF2601D4A3002F700A /* TakeHomeUITests.xctest */ = {isa = PBXFileReference; explicitFileType = wrapper.cfbundle; includeInIndex = 0; path = TakeHomeUITests.xctest; sourceTree = BUILT_PRODUCTS_DIR; };
		1E6EF7F32601D4A3002F700A /* TakeHomeUITests.swift */ = {isa = PBXFileReference; lastKnownFileType = sourcecode.swift; path = TakeHomeUITests.swift; sourceTree = "<group>"; };
		1E6EF7F52601D4A3002F700A /* Info.plist */ = {isa = PBXFileReference; lastKnownFileType = text.plist.xml; path = Info.plist; sourceTree = "<group>"; };
		1E6EF98426026867002F700A /* RestClient.swift */ = {isa = PBXFileReference; lastKnownFileType = sourcecode.swift; path = RestClient.swift; sourceTree = "<group>"; };
		1E6EF98C2602688F002F700A /* APIRouter.swift */ = {isa = PBXFileReference; lastKnownFileType = sourcecode.swift; path = APIRouter.swift; sourceTree = "<group>"; };
		1E6EF99426026C56002F700A /* Constant.swift */ = {isa = PBXFileReference; lastKnownFileType = sourcecode.swift; path = Constant.swift; sourceTree = "<group>"; };
		1E6EF99B260327AC002F700A /* PoisDTO.swift */ = {isa = PBXFileReference; lastKnownFileType = sourcecode.swift; path = PoisDTO.swift; sourceTree = "<group>"; };
		1E6EF9A026032863002F700A /* GetPoisUseCase.swift */ = {isa = PBXFileReference; lastKnownFileType = sourcecode.swift; path = GetPoisUseCase.swift; sourceTree = "<group>"; };
		1E6EF9A62603292B002F700A /* PoisRepository.swift */ = {isa = PBXFileReference; lastKnownFileType = sourcecode.swift; path = PoisRepository.swift; sourceTree = "<group>"; };
		1E6EF9AC260329B0002F700A /* PoisAPIClient.swift */ = {isa = PBXFileReference; lastKnownFileType = sourcecode.swift; path = PoisAPIClient.swift; sourceTree = "<group>"; };
		1E6EF9B726038041002F700A /* CoreDependencies.swift */ = {isa = PBXFileReference; lastKnownFileType = sourcecode.swift; path = CoreDependencies.swift; sourceTree = "<group>"; };
		1E6EF9BC26038176002F700A /* APICoreDependencies.swift */ = {isa = PBXFileReference; lastKnownFileType = sourcecode.swift; path = APICoreDependencies.swift; sourceTree = "<group>"; };
		1E6EF9C42603821B002F700A /* PoisCoreDependencies.swift */ = {isa = PBXFileReference; lastKnownFileType = sourcecode.swift; path = PoisCoreDependencies.swift; sourceTree = "<group>"; };
		1E6EF9D3260385DA002F700A /* UIDependencies.swift */ = {isa = PBXFileReference; lastKnownFileType = sourcecode.swift; path = UIDependencies.swift; sourceTree = "<group>"; };
		1E6EF9E82603A553002F700A /* ListDependencies.swift */ = {isa = PBXFileReference; lastKnownFileType = sourcecode.swift; path = ListDependencies.swift; sourceTree = "<group>"; };
		1E6EF9F62603A5ED002F700A /* BaseViewController.swift */ = {isa = PBXFileReference; lastKnownFileType = sourcecode.swift; path = BaseViewController.swift; sourceTree = "<group>"; };
		1E6EF9FC2603A685002F700A /* Extensions.swift */ = {isa = PBXFileReference; lastKnownFileType = sourcecode.swift; path = Extensions.swift; sourceTree = "<group>"; };
		1E6EFA042603A70F002F700A /* MapDependencies.swift */ = {isa = PBXFileReference; lastKnownFileType = sourcecode.swift; path = MapDependencies.swift; sourceTree = "<group>"; };
		1E6EFA092603A7EC002F700A /* ListViewController.swift */ = {isa = PBXFileReference; lastKnownFileType = sourcecode.swift; path = ListViewController.swift; sourceTree = "<group>"; };
		1E6EFA142603A811002F700A /* MapViewController.swift */ = {isa = PBXFileReference; lastKnownFileType = sourcecode.swift; path = MapViewController.swift; sourceTree = "<group>"; };
		1E6EFA1C2603A8E8002F700A /* ListPresenter.swift */ = {isa = PBXFileReference; lastKnownFileType = sourcecode.swift; path = ListPresenter.swift; sourceTree = "<group>"; };
		1E6EFA212603A923002F700A /* MapPresenter.swift */ = {isa = PBXFileReference; lastKnownFileType = sourcecode.swift; path = MapPresenter.swift; sourceTree = "<group>"; };
		1FBEC57366626ED9463A755F /* Pods-TakeHome-TakeHomeUITests.debug.xcconfig */ = {isa = PBXFileReference; includeInIndex = 1; lastKnownFileType = text.xcconfig; name = "Pods-TakeHome-TakeHomeUITests.debug.xcconfig"; path = "Target Support Files/Pods-TakeHome-TakeHomeUITests/Pods-TakeHome-TakeHomeUITests.debug.xcconfig"; sourceTree = "<group>"; };
		21AF187C469A81775179A399 /* Pods_TakeHome.framework */ = {isa = PBXFileReference; explicitFileType = wrapper.framework; includeInIndex = 0; path = Pods_TakeHome.framework; sourceTree = BUILT_PRODUCTS_DIR; };
		60B885242F22C6BCEE1DB913 /* Pods_TakeHomeTests.framework */ = {isa = PBXFileReference; explicitFileType = wrapper.framework; includeInIndex = 0; path = Pods_TakeHomeTests.framework; sourceTree = BUILT_PRODUCTS_DIR; };
		710AD688514E0083F71AB0D7 /* Pods-TakeHome.release.xcconfig */ = {isa = PBXFileReference; includeInIndex = 1; lastKnownFileType = text.xcconfig; name = "Pods-TakeHome.release.xcconfig"; path = "Target Support Files/Pods-TakeHome/Pods-TakeHome.release.xcconfig"; sourceTree = "<group>"; };
		85CC8A78CDE6A8E6903648B9 /* Pods-TakeHomeTests.debug.xcconfig */ = {isa = PBXFileReference; includeInIndex = 1; lastKnownFileType = text.xcconfig; name = "Pods-TakeHomeTests.debug.xcconfig"; path = "Target Support Files/Pods-TakeHomeTests/Pods-TakeHomeTests.debug.xcconfig"; sourceTree = "<group>"; };
		A8BCB76B587BF33D08D43152 /* Pods-TakeHomeTests.release.xcconfig */ = {isa = PBXFileReference; includeInIndex = 1; lastKnownFileType = text.xcconfig; name = "Pods-TakeHomeTests.release.xcconfig"; path = "Target Support Files/Pods-TakeHomeTests/Pods-TakeHomeTests.release.xcconfig"; sourceTree = "<group>"; };
		AE7D6577B29BB8248A133978 /* Pods-TakeHome.debug.xcconfig */ = {isa = PBXFileReference; includeInIndex = 1; lastKnownFileType = text.xcconfig; name = "Pods-TakeHome.debug.xcconfig"; path = "Target Support Files/Pods-TakeHome/Pods-TakeHome.debug.xcconfig"; sourceTree = "<group>"; };
		E2C77AA20772996228285346 /* Pods_TakeHome_TakeHomeUITests.framework */ = {isa = PBXFileReference; explicitFileType = wrapper.framework; includeInIndex = 0; path = Pods_TakeHome_TakeHomeUITests.framework; sourceTree = BUILT_PRODUCTS_DIR; };
/* End PBXFileReference section */

/* Begin PBXFrameworksBuildPhase section */
		1E6EF7CB2601D4A2002F700A /* Frameworks */ = {
			isa = PBXFrameworksBuildPhase;
			buildActionMask = 2147483647;
			files = (
				A2F770DBE47A8FA5A028CABA /* Pods_TakeHome.framework in Frameworks */,
			);
			runOnlyForDeploymentPostprocessing = 0;
		};
		1E6EF7E12601D4A3002F700A /* Frameworks */ = {
			isa = PBXFrameworksBuildPhase;
			buildActionMask = 2147483647;
			files = (
				FDBCF8207CAF74C53D09B842 /* Pods_TakeHomeTests.framework in Frameworks */,
			);
			runOnlyForDeploymentPostprocessing = 0;
		};
		1E6EF7EC2601D4A3002F700A /* Frameworks */ = {
			isa = PBXFrameworksBuildPhase;
			buildActionMask = 2147483647;
			files = (
				4F64796E566D05B5E27B5BF2 /* Pods_TakeHome_TakeHomeUITests.framework in Frameworks */,
			);
			runOnlyForDeploymentPostprocessing = 0;
		};
/* End PBXFrameworksBuildPhase section */

/* Begin PBXGroup section */
		033CAB0D87E0107C6FABBB94 /* Frameworks */ = {
			isa = PBXGroup;
			children = (
				21AF187C469A81775179A399 /* Pods_TakeHome.framework */,
				E2C77AA20772996228285346 /* Pods_TakeHome_TakeHomeUITests.framework */,
				60B885242F22C6BCEE1DB913 /* Pods_TakeHomeTests.framework */,
			);
			name = Frameworks;
			sourceTree = "<group>";
		};
		1E6EF7C52601D4A2002F700A = {
			isa = PBXGroup;
			children = (
				1E6EF7D02601D4A2002F700A /* TakeHome */,
				1E6EF7E72601D4A3002F700A /* TakeHomeTests */,
				1E6EF7F22601D4A3002F700A /* TakeHomeUITests */,
				1E6EF7CF2601D4A2002F700A /* Products */,
				B925BC7EAB298622E50BD083 /* Pods */,
				033CAB0D87E0107C6FABBB94 /* Frameworks */,
			);
			sourceTree = "<group>";
		};
		1E6EF7CF2601D4A2002F700A /* Products */ = {
			isa = PBXGroup;
			children = (
				1E6EF7CE2601D4A2002F700A /* TakeHome.app */,
				1E6EF7E42601D4A3002F700A /* TakeHomeTests.xctest */,
				1E6EF7EF2601D4A3002F700A /* TakeHomeUITests.xctest */,
			);
			name = Products;
			sourceTree = "<group>";
		};
		1E6EF7D02601D4A2002F700A /* TakeHome */ = {
			isa = PBXGroup;
			children = (
				1E6EF9572601DEF3002F700A /* Application */,
				1E6EF96B2601E1F5002F700A /* Core */,
				1E6EF96F2601E53C002F700A /* UI */,
			);
			path = TakeHome;
			sourceTree = "<group>";
		};
		1E6EF7E72601D4A3002F700A /* TakeHomeTests */ = {
			isa = PBXGroup;
			children = (
				1E6EF7E82601D4A3002F700A /* TakeHomeTests.swift */,
				1E6EF7EA2601D4A3002F700A /* Info.plist */,
			);
			path = TakeHomeTests;
			sourceTree = "<group>";
		};
		1E6EF7F22601D4A3002F700A /* TakeHomeUITests */ = {
			isa = PBXGroup;
			children = (
				1E6EF7F32601D4A3002F700A /* TakeHomeUITests.swift */,
				1E6EF7F52601D4A3002F700A /* Info.plist */,
			);
			path = TakeHomeUITests;
			sourceTree = "<group>";
		};
		1E6EF9572601DEF3002F700A /* Application */ = {
			isa = PBXGroup;
			children = (
				1E6EF9642601E1B2002F700A /* Resources */,
				1E6EF7D12601D4A2002F700A /* AppDelegate.swift */,
				1E6EF7D32601D4A2002F700A /* SceneDelegate.swift */,
			);
			path = Application;
			sourceTree = "<group>";
		};
		1E6EF9642601E1B2002F700A /* Resources */ = {
			isa = PBXGroup;
			children = (
				1E6EF7DF2601D4A3002F700A /* Info.plist */,
				1E6EF7DA2601D4A3002F700A /* Assets.xcassets */,
				1E6EF7DC2601D4A3002F700A /* LaunchScreen.storyboard */,
				1E6EF99426026C56002F700A /* Constant.swift */,
			);
			path = Resources;
			sourceTree = "<group>";
		};
		1E6EF96B2601E1F5002F700A /* Core */ = {
			isa = PBXGroup;
			children = (
				1E6EF96E2601E2E5002F700A /* Dependencies */,
				1E6EF96D2601E202002F700A /* Domain */,
				1E6EF96C2601E1FC002F700A /* Data */,
			);
			path = Core;
			sourceTree = "<group>";
		};
		1E6EF96C2601E1FC002F700A /* Data */ = {
			isa = PBXGroup;
			children = (
				1E6EF9AB26032992002F700A /* Api Clients */,
				1E6EF9A526032914002F700A /* Repositories */,
				1E6EF98326026859002F700A /* Rest Client */,
			);
			path = Data;
			sourceTree = "<group>";
		};
		1E6EF96D2601E202002F700A /* Domain */ = {
			isa = PBXGroup;
			children = (
				1E6EF9992603258F002F700A /* Use Cases */,
			);
			path = Domain;
			sourceTree = "<group>";
		};
		1E6EF96E2601E2E5002F700A /* Dependencies */ = {
			isa = PBXGroup;
			children = (
				1E6EF9B726038041002F700A /* CoreDependencies.swift */,
				1E6EF9BC26038176002F700A /* APICoreDependencies.swift */,
				1E6EF9C42603821B002F700A /* PoisCoreDependencies.swift */,
			);
			path = Dependencies;
			sourceTree = "<group>";
		};
		1E6EF96F2601E53C002F700A /* UI */ = {
			isa = PBXGroup;
			children = (
				1E6EF9D2260385BF002F700A /* Common */,
				1E6EF9DE2603A4DA002F700A /* List */,
				1E6EF9DF2603A4E6002F700A /* Map */,
				1E6EF7D52601D4A2002F700A /* ViewController.swift */,
			);
			path = UI;
			sourceTree = "<group>";
		};
		1E6EF98326026859002F700A /* Rest Client */ = {
			isa = PBXGroup;
			children = (
				1E6EF98426026867002F700A /* RestClient.swift */,
				1E6EF98C2602688F002F700A /* APIRouter.swift */,
			);
			path = "Rest Client";
			sourceTree = "<group>";
		};
		1E6EF9992603258F002F700A /* Use Cases */ = {
			isa = PBXGroup;
			children = (
				1E6EF9A026032863002F700A /* GetPoisUseCase.swift */,
			);
			path = "Use Cases";
			sourceTree = "<group>";
		};
		1E6EF99A2603278F002F700A /* DTOs */ = {
			isa = PBXGroup;
			children = (
				1E6EF99B260327AC002F700A /* PoisDTO.swift */,
			);
			path = DTOs;
			sourceTree = "<group>";
		};
		1E6EF9A526032914002F700A /* Repositories */ = {
			isa = PBXGroup;
			children = (
				1E6EF9A62603292B002F700A /* PoisRepository.swift */,
			);
			path = Repositories;
			sourceTree = "<group>";
		};
		1E6EF9AB26032992002F700A /* Api Clients */ = {
			isa = PBXGroup;
			children = (
				1E6EF99A2603278F002F700A /* DTOs */,
				1E6EF9AC260329B0002F700A /* PoisAPIClient.swift */,
			);
			path = "Api Clients";
			sourceTree = "<group>";
		};
		1E6EF9D2260385BF002F700A /* Common */ = {
			isa = PBXGroup;
			children = (
				1E6EF9FB2603A679002F700A /* Extensions */,
				1E6EF9E32603A515002F700A /* Dependencies */,
				1E6EF9F02603A5AF002F700A /* View */,
			);
			path = Common;
			sourceTree = "<group>";
		};
		1E6EF9DE2603A4DA002F700A /* List */ = {
			isa = PBXGroup;
			children = (
				1E6EF9E42603A522002F700A /* Dependencies */,
				1E6EF9E62603A534002F700A /* View */,
			);
			path = List;
			sourceTree = "<group>";
		};
		1E6EF9DF2603A4E6002F700A /* Map */ = {
			isa = PBXGroup;
			children = (
				1E6EF9E52603A52D002F700A /* Dependencies */,
				1E6EF9E72603A539002F700A /* View */,
			);
			path = Map;
			sourceTree = "<group>";
		};
		1E6EF9E32603A515002F700A /* Dependencies */ = {
			isa = PBXGroup;
			children = (
				1E6EF9D3260385DA002F700A /* UIDependencies.swift */,
			);
			path = Dependencies;
			sourceTree = "<group>";
		};
		1E6EF9E42603A522002F700A /* Dependencies */ = {
			isa = PBXGroup;
			children = (
				1E6EF9E82603A553002F700A /* ListDependencies.swift */,
			);
			path = Dependencies;
			sourceTree = "<group>";
		};
		1E6EF9E52603A52D002F700A /* Dependencies */ = {
			isa = PBXGroup;
			children = (
				1E6EFA042603A70F002F700A /* MapDependencies.swift */,
			);
			path = Dependencies;
			sourceTree = "<group>";
		};
		1E6EF9E62603A534002F700A /* View */ = {
			isa = PBXGroup;
			children = (
				1E6EFA092603A7EC002F700A /* ListViewController.swift */,
				1E6EFA1C2603A8E8002F700A /* ListPresenter.swift */,
			);
			path = View;
			sourceTree = "<group>";
		};
		1E6EF9E72603A539002F700A /* View */ = {
			isa = PBXGroup;
			children = (
				1E6EFA142603A811002F700A /* MapViewController.swift */,
				1E6EFA212603A923002F700A /* MapPresenter.swift */,
			);
			path = View;
			sourceTree = "<group>";
		};
		1E6EF9F02603A5AF002F700A /* View */ = {
			isa = PBXGroup;
			children = (
				1E6EF9F62603A5ED002F700A /* BaseViewController.swift */,
			);
			path = View;
			sourceTree = "<group>";
		};
		1E6EF9FB2603A679002F700A /* Extensions */ = {
			isa = PBXGroup;
			children = (
				1E6EF9FC2603A685002F700A /* Extensions.swift */,
			);
			path = Extensions;
			sourceTree = "<group>";
		};
		B925BC7EAB298622E50BD083 /* Pods */ = {
			isa = PBXGroup;
			children = (
				AE7D6577B29BB8248A133978 /* Pods-TakeHome.debug.xcconfig */,
				710AD688514E0083F71AB0D7 /* Pods-TakeHome.release.xcconfig */,
				1FBEC57366626ED9463A755F /* Pods-TakeHome-TakeHomeUITests.debug.xcconfig */,
				19C61996F5F92445E382E194 /* Pods-TakeHome-TakeHomeUITests.release.xcconfig */,
				85CC8A78CDE6A8E6903648B9 /* Pods-TakeHomeTests.debug.xcconfig */,
				A8BCB76B587BF33D08D43152 /* Pods-TakeHomeTests.release.xcconfig */,
			);
			path = Pods;
			sourceTree = "<group>";
		};
/* End PBXGroup section */

/* Begin PBXNativeTarget section */
		1E6EF7CD2601D4A2002F700A /* TakeHome */ = {
			isa = PBXNativeTarget;
			buildConfigurationList = 1E6EF7F82601D4A3002F700A /* Build configuration list for PBXNativeTarget "TakeHome" */;
			buildPhases = (
				535E783824EE830EDE7F769C /* [CP] Check Pods Manifest.lock */,
				1E6EF7CA2601D4A2002F700A /* Sources */,
				1E6EF7CB2601D4A2002F700A /* Frameworks */,
				1E6EF7CC2601D4A2002F700A /* Resources */,
				1E6EF97326025E09002F700A /* ShellScript */,
			);
			buildRules = (
			);
			dependencies = (
			);
			name = TakeHome;
			productName = TakeHome;
			productReference = 1E6EF7CE2601D4A2002F700A /* TakeHome.app */;
			productType = "com.apple.product-type.application";
		};
		1E6EF7E32601D4A3002F700A /* TakeHomeTests */ = {
			isa = PBXNativeTarget;
			buildConfigurationList = 1E6EF7FB2601D4A3002F700A /* Build configuration list for PBXNativeTarget "TakeHomeTests" */;
			buildPhases = (
				8011B5D987CAE66E0010DBBA /* [CP] Check Pods Manifest.lock */,
				1E6EF7E02601D4A3002F700A /* Sources */,
				1E6EF7E12601D4A3002F700A /* Frameworks */,
				1E6EF7E22601D4A3002F700A /* Resources */,
				F7EC22BD54ABB93759CD75B7 /* [CP] Embed Pods Frameworks */,
			);
			buildRules = (
			);
			dependencies = (
				1E6EF7E62601D4A3002F700A /* PBXTargetDependency */,
			);
			name = TakeHomeTests;
			productName = TakeHomeTests;
			productReference = 1E6EF7E42601D4A3002F700A /* TakeHomeTests.xctest */;
			productType = "com.apple.product-type.bundle.unit-test";
		};
		1E6EF7EE2601D4A3002F700A /* TakeHomeUITests */ = {
			isa = PBXNativeTarget;
			buildConfigurationList = 1E6EF7FE2601D4A3002F700A /* Build configuration list for PBXNativeTarget "TakeHomeUITests" */;
			buildPhases = (
				9D03748FBD44BF6E00CF4926 /* [CP] Check Pods Manifest.lock */,
				1E6EF7EB2601D4A3002F700A /* Sources */,
				1E6EF7EC2601D4A3002F700A /* Frameworks */,
				1E6EF7ED2601D4A3002F700A /* Resources */,
				437467D166B2F999F1A90983 /* [CP] Embed Pods Frameworks */,
			);
			buildRules = (
			);
			dependencies = (
				1E6EF7F12601D4A3002F700A /* PBXTargetDependency */,
			);
			name = TakeHomeUITests;
			productName = TakeHomeUITests;
			productReference = 1E6EF7EF2601D4A3002F700A /* TakeHomeUITests.xctest */;
			productType = "com.apple.product-type.bundle.ui-testing";
		};
/* End PBXNativeTarget section */

/* Begin PBXProject section */
		1E6EF7C62601D4A2002F700A /* Project object */ = {
			isa = PBXProject;
			attributes = {
				LastSwiftUpdateCheck = 1240;
				LastUpgradeCheck = 1240;
				TargetAttributes = {
					1E6EF7CD2601D4A2002F700A = {
						CreatedOnToolsVersion = 12.4;
					};
					1E6EF7E32601D4A3002F700A = {
						CreatedOnToolsVersion = 12.4;
						TestTargetID = 1E6EF7CD2601D4A2002F700A;
					};
					1E6EF7EE2601D4A3002F700A = {
						CreatedOnToolsVersion = 12.4;
						TestTargetID = 1E6EF7CD2601D4A2002F700A;
					};
				};
			};
			buildConfigurationList = 1E6EF7C92601D4A2002F700A /* Build configuration list for PBXProject "TakeHome" */;
			compatibilityVersion = "Xcode 9.3";
			developmentRegion = en;
			hasScannedForEncodings = 0;
			knownRegions = (
				en,
				Base,
			);
			mainGroup = 1E6EF7C52601D4A2002F700A;
			productRefGroup = 1E6EF7CF2601D4A2002F700A /* Products */;
			projectDirPath = "";
			projectRoot = "";
			targets = (
				1E6EF7CD2601D4A2002F700A /* TakeHome */,
				1E6EF7E32601D4A3002F700A /* TakeHomeTests */,
				1E6EF7EE2601D4A3002F700A /* TakeHomeUITests */,
			);
		};
/* End PBXProject section */

/* Begin PBXResourcesBuildPhase section */
		1E6EF7CC2601D4A2002F700A /* Resources */ = {
			isa = PBXResourcesBuildPhase;
			buildActionMask = 2147483647;
			files = (
				1E6EF7DE2601D4A3002F700A /* LaunchScreen.storyboard in Resources */,
				1E6EF7DB2601D4A3002F700A /* Assets.xcassets in Resources */,
			);
			runOnlyForDeploymentPostprocessing = 0;
		};
		1E6EF7E22601D4A3002F700A /* Resources */ = {
			isa = PBXResourcesBuildPhase;
			buildActionMask = 2147483647;
			files = (
			);
			runOnlyForDeploymentPostprocessing = 0;
		};
		1E6EF7ED2601D4A3002F700A /* Resources */ = {
			isa = PBXResourcesBuildPhase;
			buildActionMask = 2147483647;
			files = (
			);
			runOnlyForDeploymentPostprocessing = 0;
		};
/* End PBXResourcesBuildPhase section */

/* Begin PBXShellScriptBuildPhase section */
		1E6EF97326025E09002F700A /* ShellScript */ = {
			isa = PBXShellScriptBuildPhase;
			buildActionMask = 2147483647;
			files = (
			);
			inputFileListPaths = (
			);
			inputPaths = (
			);
			outputFileListPaths = (
			);
			outputPaths = (
			);
			runOnlyForDeploymentPostprocessing = 0;
			shellPath = /bin/sh;
			shellScript = "# Type a script or drag a script file from your workspace to insert its path.\n${PODS_ROOT}/SwiftLint/swiftlint\n";
		};
		437467D166B2F999F1A90983 /* [CP] Embed Pods Frameworks */ = {
			isa = PBXShellScriptBuildPhase;
			buildActionMask = 2147483647;
			files = (
			);
			inputFileListPaths = (
				"${PODS_ROOT}/Target Support Files/Pods-TakeHome-TakeHomeUITests/Pods-TakeHome-TakeHomeUITests-frameworks-${CONFIGURATION}-input-files.xcfilelist",
			);
			name = "[CP] Embed Pods Frameworks";
			outputFileListPaths = (
				"${PODS_ROOT}/Target Support Files/Pods-TakeHome-TakeHomeUITests/Pods-TakeHome-TakeHomeUITests-frameworks-${CONFIGURATION}-output-files.xcfilelist",
			);
			runOnlyForDeploymentPostprocessing = 0;
			shellPath = /bin/sh;
			shellScript = "\"${PODS_ROOT}/Target Support Files/Pods-TakeHome-TakeHomeUITests/Pods-TakeHome-TakeHomeUITests-frameworks.sh\"\n";
			showEnvVarsInLog = 0;
		};
		535E783824EE830EDE7F769C /* [CP] Check Pods Manifest.lock */ = {
			isa = PBXShellScriptBuildPhase;
			buildActionMask = 2147483647;
			files = (
			);
			inputFileListPaths = (
			);
			inputPaths = (
				"${PODS_PODFILE_DIR_PATH}/Podfile.lock",
				"${PODS_ROOT}/Manifest.lock",
			);
			name = "[CP] Check Pods Manifest.lock";
			outputFileListPaths = (
			);
			outputPaths = (
				"$(DERIVED_FILE_DIR)/Pods-TakeHome-checkManifestLockResult.txt",
			);
			runOnlyForDeploymentPostprocessing = 0;
			shellPath = /bin/sh;
			shellScript = "diff \"${PODS_PODFILE_DIR_PATH}/Podfile.lock\" \"${PODS_ROOT}/Manifest.lock\" > /dev/null\nif [ $? != 0 ] ; then\n    # print error to STDERR\n    echo \"error: The sandbox is not in sync with the Podfile.lock. Run 'pod install' or update your CocoaPods installation.\" >&2\n    exit 1\nfi\n# This output is used by Xcode 'outputs' to avoid re-running this script phase.\necho \"SUCCESS\" > \"${SCRIPT_OUTPUT_FILE_0}\"\n";
			showEnvVarsInLog = 0;
		};
		8011B5D987CAE66E0010DBBA /* [CP] Check Pods Manifest.lock */ = {
			isa = PBXShellScriptBuildPhase;
			buildActionMask = 2147483647;
			files = (
			);
			inputFileListPaths = (
			);
			inputPaths = (
				"${PODS_PODFILE_DIR_PATH}/Podfile.lock",
				"${PODS_ROOT}/Manifest.lock",
			);
			name = "[CP] Check Pods Manifest.lock";
			outputFileListPaths = (
			);
			outputPaths = (
				"$(DERIVED_FILE_DIR)/Pods-TakeHomeTests-checkManifestLockResult.txt",
			);
			runOnlyForDeploymentPostprocessing = 0;
			shellPath = /bin/sh;
			shellScript = "diff \"${PODS_PODFILE_DIR_PATH}/Podfile.lock\" \"${PODS_ROOT}/Manifest.lock\" > /dev/null\nif [ $? != 0 ] ; then\n    # print error to STDERR\n    echo \"error: The sandbox is not in sync with the Podfile.lock. Run 'pod install' or update your CocoaPods installation.\" >&2\n    exit 1\nfi\n# This output is used by Xcode 'outputs' to avoid re-running this script phase.\necho \"SUCCESS\" > \"${SCRIPT_OUTPUT_FILE_0}\"\n";
			showEnvVarsInLog = 0;
		};
		9D03748FBD44BF6E00CF4926 /* [CP] Check Pods Manifest.lock */ = {
			isa = PBXShellScriptBuildPhase;
			buildActionMask = 2147483647;
			files = (
			);
			inputFileListPaths = (
			);
			inputPaths = (
				"${PODS_PODFILE_DIR_PATH}/Podfile.lock",
				"${PODS_ROOT}/Manifest.lock",
			);
			name = "[CP] Check Pods Manifest.lock";
			outputFileListPaths = (
			);
			outputPaths = (
				"$(DERIVED_FILE_DIR)/Pods-TakeHome-TakeHomeUITests-checkManifestLockResult.txt",
			);
			runOnlyForDeploymentPostprocessing = 0;
			shellPath = /bin/sh;
			shellScript = "diff \"${PODS_PODFILE_DIR_PATH}/Podfile.lock\" \"${PODS_ROOT}/Manifest.lock\" > /dev/null\nif [ $? != 0 ] ; then\n    # print error to STDERR\n    echo \"error: The sandbox is not in sync with the Podfile.lock. Run 'pod install' or update your CocoaPods installation.\" >&2\n    exit 1\nfi\n# This output is used by Xcode 'outputs' to avoid re-running this script phase.\necho \"SUCCESS\" > \"${SCRIPT_OUTPUT_FILE_0}\"\n";
			showEnvVarsInLog = 0;
		};
		F7EC22BD54ABB93759CD75B7 /* [CP] Embed Pods Frameworks */ = {
			isa = PBXShellScriptBuildPhase;
			buildActionMask = 2147483647;
			files = (
			);
			inputFileListPaths = (
				"${PODS_ROOT}/Target Support Files/Pods-TakeHomeTests/Pods-TakeHomeTests-frameworks-${CONFIGURATION}-input-files.xcfilelist",
			);
			name = "[CP] Embed Pods Frameworks";
			outputFileListPaths = (
				"${PODS_ROOT}/Target Support Files/Pods-TakeHomeTests/Pods-TakeHomeTests-frameworks-${CONFIGURATION}-output-files.xcfilelist",
			);
			runOnlyForDeploymentPostprocessing = 0;
			shellPath = /bin/sh;
			shellScript = "\"${PODS_ROOT}/Target Support Files/Pods-TakeHomeTests/Pods-TakeHomeTests-frameworks.sh\"\n";
			showEnvVarsInLog = 0;
		};
/* End PBXShellScriptBuildPhase section */

/* Begin PBXSourcesBuildPhase section */
		1E6EF7CA2601D4A2002F700A /* Sources */ = {
			isa = PBXSourcesBuildPhase;
			buildActionMask = 2147483647;
			files = (
				1E6EF98526026867002F700A /* RestClient.swift in Sources */,
				1E6EF9FD2603A685002F700A /* Extensions.swift in Sources */,
				1E6EF99C260327AC002F700A /* PoisDTO.swift in Sources */,
				1E6EFA222603A923002F700A /* MapPresenter.swift in Sources */,
				1E6EF7D62601D4A2002F700A /* ViewController.swift in Sources */,
				1E6EF9C52603821B002F700A /* PoisCoreDependencies.swift in Sources */,
				1E6EF9A126032863002F700A /* GetPoisUseCase.swift in Sources */,
				1E6EF98D2602688F002F700A /* APIRouter.swift in Sources */,
				1E6EFA1D2603A8E8002F700A /* ListPresenter.swift in Sources */,
				1E6EF7D22601D4A2002F700A /* AppDelegate.swift in Sources */,
				1E6EF9F72603A5ED002F700A /* BaseViewController.swift in Sources */,
				1E6EF9AD260329B0002F700A /* PoisAPIClient.swift in Sources */,
				1E6EF7D42601D4A2002F700A /* SceneDelegate.swift in Sources */,
				1E6EF9B826038041002F700A /* CoreDependencies.swift in Sources */,
				1E6EF9E92603A553002F700A /* ListDependencies.swift in Sources */,
				1E6EFA152603A811002F700A /* MapViewController.swift in Sources */,
				1E6EF9A72603292B002F700A /* PoisRepository.swift in Sources */,
				1E6EF99526026C56002F700A /* Constant.swift in Sources */,
				1E6EF9D4260385DA002F700A /* UIDependencies.swift in Sources */,
				1E6EFA052603A70F002F700A /* MapDependencies.swift in Sources */,
				1E6EF9BD26038176002F700A /* APICoreDependencies.swift in Sources */,
				1E6EFA0A2603A7EC002F700A /* ListViewController.swift in Sources */,
			);
			runOnlyForDeploymentPostprocessing = 0;
		};
		1E6EF7E02601D4A3002F700A /* Sources */ = {
			isa = PBXSourcesBuildPhase;
			buildActionMask = 2147483647;
			files = (
				1E6EF7E92601D4A3002F700A /* TakeHomeTests.swift in Sources */,
			);
			runOnlyForDeploymentPostprocessing = 0;
		};
		1E6EF7EB2601D4A3002F700A /* Sources */ = {
			isa = PBXSourcesBuildPhase;
			buildActionMask = 2147483647;
			files = (
				1E6EF7F42601D4A3002F700A /* TakeHomeUITests.swift in Sources */,
			);
			runOnlyForDeploymentPostprocessing = 0;
		};
/* End PBXSourcesBuildPhase section */

/* Begin PBXTargetDependency section */
		1E6EF7E62601D4A3002F700A /* PBXTargetDependency */ = {
			isa = PBXTargetDependency;
			target = 1E6EF7CD2601D4A2002F700A /* TakeHome */;
			targetProxy = 1E6EF7E52601D4A3002F700A /* PBXContainerItemProxy */;
		};
		1E6EF7F12601D4A3002F700A /* PBXTargetDependency */ = {
			isa = PBXTargetDependency;
			target = 1E6EF7CD2601D4A2002F700A /* TakeHome */;
			targetProxy = 1E6EF7F02601D4A3002F700A /* PBXContainerItemProxy */;
		};
/* End PBXTargetDependency section */

/* Begin PBXVariantGroup section */
		1E6EF7DC2601D4A3002F700A /* LaunchScreen.storyboard */ = {
			isa = PBXVariantGroup;
			children = (
				1E6EF7DD2601D4A3002F700A /* Base */,
			);
			name = LaunchScreen.storyboard;
			sourceTree = "<group>";
		};
/* End PBXVariantGroup section */

/* Begin XCBuildConfiguration section */
		1E6EF7F62601D4A3002F700A /* Debug */ = {
			isa = XCBuildConfiguration;
			buildSettings = {
				ALWAYS_SEARCH_USER_PATHS = NO;
				CLANG_ANALYZER_NONNULL = YES;
				CLANG_ANALYZER_NUMBER_OBJECT_CONVERSION = YES_AGGRESSIVE;
				CLANG_CXX_LANGUAGE_STANDARD = "gnu++14";
				CLANG_CXX_LIBRARY = "libc++";
				CLANG_ENABLE_MODULES = YES;
				CLANG_ENABLE_OBJC_ARC = YES;
				CLANG_ENABLE_OBJC_WEAK = YES;
				CLANG_WARN_BLOCK_CAPTURE_AUTORELEASING = YES;
				CLANG_WARN_BOOL_CONVERSION = YES;
				CLANG_WARN_COMMA = YES;
				CLANG_WARN_CONSTANT_CONVERSION = YES;
				CLANG_WARN_DEPRECATED_OBJC_IMPLEMENTATIONS = YES;
				CLANG_WARN_DIRECT_OBJC_ISA_USAGE = YES_ERROR;
				CLANG_WARN_DOCUMENTATION_COMMENTS = YES;
				CLANG_WARN_EMPTY_BODY = YES;
				CLANG_WARN_ENUM_CONVERSION = YES;
				CLANG_WARN_INFINITE_RECURSION = YES;
				CLANG_WARN_INT_CONVERSION = YES;
				CLANG_WARN_NON_LITERAL_NULL_CONVERSION = YES;
				CLANG_WARN_OBJC_IMPLICIT_RETAIN_SELF = YES;
				CLANG_WARN_OBJC_LITERAL_CONVERSION = YES;
				CLANG_WARN_OBJC_ROOT_CLASS = YES_ERROR;
				CLANG_WARN_QUOTED_INCLUDE_IN_FRAMEWORK_HEADER = YES;
				CLANG_WARN_RANGE_LOOP_ANALYSIS = YES;
				CLANG_WARN_STRICT_PROTOTYPES = YES;
				CLANG_WARN_SUSPICIOUS_MOVE = YES;
				CLANG_WARN_UNGUARDED_AVAILABILITY = YES_AGGRESSIVE;
				CLANG_WARN_UNREACHABLE_CODE = YES;
				CLANG_WARN__DUPLICATE_METHOD_MATCH = YES;
				COPY_PHASE_STRIP = NO;
				DEBUG_INFORMATION_FORMAT = dwarf;
				ENABLE_STRICT_OBJC_MSGSEND = YES;
				ENABLE_TESTABILITY = YES;
				GCC_C_LANGUAGE_STANDARD = gnu11;
				GCC_DYNAMIC_NO_PIC = NO;
				GCC_NO_COMMON_BLOCKS = YES;
				GCC_OPTIMIZATION_LEVEL = 0;
				GCC_PREPROCESSOR_DEFINITIONS = (
					"DEBUG=1",
					"$(inherited)",
				);
				GCC_WARN_64_TO_32_BIT_CONVERSION = YES;
				GCC_WARN_ABOUT_RETURN_TYPE = YES_ERROR;
				GCC_WARN_UNDECLARED_SELECTOR = YES;
				GCC_WARN_UNINITIALIZED_AUTOS = YES_AGGRESSIVE;
				GCC_WARN_UNUSED_FUNCTION = YES;
				GCC_WARN_UNUSED_VARIABLE = YES;
				IPHONEOS_DEPLOYMENT_TARGET = 14.4;
				MTL_ENABLE_DEBUG_INFO = INCLUDE_SOURCE;
				MTL_FAST_MATH = YES;
				ONLY_ACTIVE_ARCH = YES;
				SDKROOT = iphoneos;
				SWIFT_ACTIVE_COMPILATION_CONDITIONS = DEBUG;
				SWIFT_OPTIMIZATION_LEVEL = "-Onone";
			};
			name = Debug;
		};
		1E6EF7F72601D4A3002F700A /* Release */ = {
			isa = XCBuildConfiguration;
			buildSettings = {
				ALWAYS_SEARCH_USER_PATHS = NO;
				CLANG_ANALYZER_NONNULL = YES;
				CLANG_ANALYZER_NUMBER_OBJECT_CONVERSION = YES_AGGRESSIVE;
				CLANG_CXX_LANGUAGE_STANDARD = "gnu++14";
				CLANG_CXX_LIBRARY = "libc++";
				CLANG_ENABLE_MODULES = YES;
				CLANG_ENABLE_OBJC_ARC = YES;
				CLANG_ENABLE_OBJC_WEAK = YES;
				CLANG_WARN_BLOCK_CAPTURE_AUTORELEASING = YES;
				CLANG_WARN_BOOL_CONVERSION = YES;
				CLANG_WARN_COMMA = YES;
				CLANG_WARN_CONSTANT_CONVERSION = YES;
				CLANG_WARN_DEPRECATED_OBJC_IMPLEMENTATIONS = YES;
				CLANG_WARN_DIRECT_OBJC_ISA_USAGE = YES_ERROR;
				CLANG_WARN_DOCUMENTATION_COMMENTS = YES;
				CLANG_WARN_EMPTY_BODY = YES;
				CLANG_WARN_ENUM_CONVERSION = YES;
				CLANG_WARN_INFINITE_RECURSION = YES;
				CLANG_WARN_INT_CONVERSION = YES;
				CLANG_WARN_NON_LITERAL_NULL_CONVERSION = YES;
				CLANG_WARN_OBJC_IMPLICIT_RETAIN_SELF = YES;
				CLANG_WARN_OBJC_LITERAL_CONVERSION = YES;
				CLANG_WARN_OBJC_ROOT_CLASS = YES_ERROR;
				CLANG_WARN_QUOTED_INCLUDE_IN_FRAMEWORK_HEADER = YES;
				CLANG_WARN_RANGE_LOOP_ANALYSIS = YES;
				CLANG_WARN_STRICT_PROTOTYPES = YES;
				CLANG_WARN_SUSPICIOUS_MOVE = YES;
				CLANG_WARN_UNGUARDED_AVAILABILITY = YES_AGGRESSIVE;
				CLANG_WARN_UNREACHABLE_CODE = YES;
				CLANG_WARN__DUPLICATE_METHOD_MATCH = YES;
				COPY_PHASE_STRIP = NO;
				DEBUG_INFORMATION_FORMAT = "dwarf-with-dsym";
				ENABLE_NS_ASSERTIONS = NO;
				ENABLE_STRICT_OBJC_MSGSEND = YES;
				GCC_C_LANGUAGE_STANDARD = gnu11;
				GCC_NO_COMMON_BLOCKS = YES;
				GCC_WARN_64_TO_32_BIT_CONVERSION = YES;
				GCC_WARN_ABOUT_RETURN_TYPE = YES_ERROR;
				GCC_WARN_UNDECLARED_SELECTOR = YES;
				GCC_WARN_UNINITIALIZED_AUTOS = YES_AGGRESSIVE;
				GCC_WARN_UNUSED_FUNCTION = YES;
				GCC_WARN_UNUSED_VARIABLE = YES;
				IPHONEOS_DEPLOYMENT_TARGET = 14.4;
				MTL_ENABLE_DEBUG_INFO = NO;
				MTL_FAST_MATH = YES;
				SDKROOT = iphoneos;
				SWIFT_COMPILATION_MODE = wholemodule;
				SWIFT_OPTIMIZATION_LEVEL = "-O";
				VALIDATE_PRODUCT = YES;
			};
			name = Release;
		};
		1E6EF7F92601D4A3002F700A /* Debug */ = {
			isa = XCBuildConfiguration;
			baseConfigurationReference = AE7D6577B29BB8248A133978 /* Pods-TakeHome.debug.xcconfig */;
			buildSettings = {
				ASSETCATALOG_COMPILER_APPICON_NAME = AppIcon;
				ASSETCATALOG_COMPILER_GLOBAL_ACCENT_COLOR_NAME = AccentColor;
				CODE_SIGN_STYLE = Automatic;
				DEVELOPMENT_TEAM = 63EKWE9RKB;
				INFOPLIST_FILE = TakeHome/Application/Resources/Info.plist;
				LD_RUNPATH_SEARCH_PATHS = (
					"$(inherited)",
					"@executable_path/Frameworks",
				);
				PRODUCT_BUNDLE_IDENTIFIER = com.jmorgaz.TakeHome;
				PRODUCT_NAME = "$(TARGET_NAME)";
				SWIFT_VERSION = 5.0;
				TARGETED_DEVICE_FAMILY = "1,2";
			};
			name = Debug;
		};
		1E6EF7FA2601D4A3002F700A /* Release */ = {
			isa = XCBuildConfiguration;
			baseConfigurationReference = 710AD688514E0083F71AB0D7 /* Pods-TakeHome.release.xcconfig */;
			buildSettings = {
				ASSETCATALOG_COMPILER_APPICON_NAME = AppIcon;
				ASSETCATALOG_COMPILER_GLOBAL_ACCENT_COLOR_NAME = AccentColor;
				CODE_SIGN_STYLE = Automatic;
				DEVELOPMENT_TEAM = 63EKWE9RKB;
				INFOPLIST_FILE = TakeHome/Application/Resources/Info.plist;
				LD_RUNPATH_SEARCH_PATHS = (
					"$(inherited)",
					"@executable_path/Frameworks",
				);
				PRODUCT_BUNDLE_IDENTIFIER = com.jmorgaz.TakeHome;
				PRODUCT_NAME = "$(TARGET_NAME)";
				SWIFT_VERSION = 5.0;
				TARGETED_DEVICE_FAMILY = "1,2";
			};
			name = Release;
		};
		1E6EF7FC2601D4A3002F700A /* Debug */ = {
			isa = XCBuildConfiguration;
			baseConfigurationReference = 85CC8A78CDE6A8E6903648B9 /* Pods-TakeHomeTests.debug.xcconfig */;
			buildSettings = {
				BUNDLE_LOADER = "$(TEST_HOST)";
				CODE_SIGN_STYLE = Automatic;
				DEVELOPMENT_TEAM = 63EKWE9RKB;
				INFOPLIST_FILE = TakeHomeTests/Info.plist;
				IPHONEOS_DEPLOYMENT_TARGET = 14.4;
				LD_RUNPATH_SEARCH_PATHS = (
					"$(inherited)",
					"@executable_path/Frameworks",
					"@loader_path/Frameworks",
				);
				PRODUCT_BUNDLE_IDENTIFIER = com.jmorgaz.takehomeTests;
				PRODUCT_NAME = "$(TARGET_NAME)";
				SWIFT_VERSION = 5.0;
				TARGETED_DEVICE_FAMILY = "1,2";
				TEST_HOST = "$(BUILT_PRODUCTS_DIR)/TakeHome.app/TakeHome";
			};
			name = Debug;
		};
		1E6EF7FD2601D4A3002F700A /* Release */ = {
			isa = XCBuildConfiguration;
			baseConfigurationReference = A8BCB76B587BF33D08D43152 /* Pods-TakeHomeTests.release.xcconfig */;
			buildSettings = {
				BUNDLE_LOADER = "$(TEST_HOST)";
				CODE_SIGN_STYLE = Automatic;
				DEVELOPMENT_TEAM = 63EKWE9RKB;
				INFOPLIST_FILE = TakeHomeTests/Info.plist;
				IPHONEOS_DEPLOYMENT_TARGET = 14.4;
				LD_RUNPATH_SEARCH_PATHS = (
					"$(inherited)",
					"@executable_path/Frameworks",
					"@loader_path/Frameworks",
				);
				PRODUCT_BUNDLE_IDENTIFIER = com.jmorgaz.takehomeTests;
				PRODUCT_NAME = "$(TARGET_NAME)";
				SWIFT_VERSION = 5.0;
				TARGETED_DEVICE_FAMILY = "1,2";
				TEST_HOST = "$(BUILT_PRODUCTS_DIR)/TakeHome.app/TakeHome";
			};
			name = Release;
		};
		1E6EF7FF2601D4A3002F700A /* Debug */ = {
			isa = XCBuildConfiguration;
			baseConfigurationReference = 1FBEC57366626ED9463A755F /* Pods-TakeHome-TakeHomeUITests.debug.xcconfig */;
			buildSettings = {
				CODE_SIGN_STYLE = Automatic;
				DEVELOPMENT_TEAM = 63EKWE9RKB;
				INFOPLIST_FILE = TakeHomeUITests/Info.plist;
				LD_RUNPATH_SEARCH_PATHS = (
					"$(inherited)",
					"@executable_path/Frameworks",
					"@loader_path/Frameworks",
				);
				PRODUCT_BUNDLE_IDENTIFIER = com.jmorgaz.taketomeUITests;
				PRODUCT_NAME = "$(TARGET_NAME)";
				SWIFT_VERSION = 5.0;
				TARGETED_DEVICE_FAMILY = "1,2";
				TEST_TARGET_NAME = TakeHome;
			};
			name = Debug;
		};
		1E6EF8002601D4A3002F700A /* Release */ = {
			isa = XCBuildConfiguration;
			baseConfigurationReference = 19C61996F5F92445E382E194 /* Pods-TakeHome-TakeHomeUITests.release.xcconfig */;
			buildSettings = {
				CODE_SIGN_STYLE = Automatic;
				DEVELOPMENT_TEAM = 63EKWE9RKB;
				INFOPLIST_FILE = TakeHomeUITests/Info.plist;
				LD_RUNPATH_SEARCH_PATHS = (
					"$(inherited)",
					"@executable_path/Frameworks",
					"@loader_path/Frameworks",
				);
				PRODUCT_BUNDLE_IDENTIFIER = com.jmorgaz.taketomeUITests;
				PRODUCT_NAME = "$(TARGET_NAME)";
				SWIFT_VERSION = 5.0;
				TARGETED_DEVICE_FAMILY = "1,2";
				TEST_TARGET_NAME = TakeHome;
			};
			name = Release;
		};
/* End XCBuildConfiguration section */

/* Begin XCConfigurationList section */
		1E6EF7C92601D4A2002F700A /* Build configuration list for PBXProject "TakeHome" */ = {
			isa = XCConfigurationList;
			buildConfigurations = (
				1E6EF7F62601D4A3002F700A /* Debug */,
				1E6EF7F72601D4A3002F700A /* Release */,
			);
			defaultConfigurationIsVisible = 0;
			defaultConfigurationName = Release;
		};
		1E6EF7F82601D4A3002F700A /* Build configuration list for PBXNativeTarget "TakeHome" */ = {
			isa = XCConfigurationList;
			buildConfigurations = (
				1E6EF7F92601D4A3002F700A /* Debug */,
				1E6EF7FA2601D4A3002F700A /* Release */,
			);
			defaultConfigurationIsVisible = 0;
			defaultConfigurationName = Release;
		};
		1E6EF7FB2601D4A3002F700A /* Build configuration list for PBXNativeTarget "TakeHomeTests" */ = {
			isa = XCConfigurationList;
			buildConfigurations = (
				1E6EF7FC2601D4A3002F700A /* Debug */,
				1E6EF7FD2601D4A3002F700A /* Release */,
			);
			defaultConfigurationIsVisible = 0;
			defaultConfigurationName = Release;
		};
		1E6EF7FE2601D4A3002F700A /* Build configuration list for PBXNativeTarget "TakeHomeUITests" */ = {
			isa = XCConfigurationList;
			buildConfigurations = (
				1E6EF7FF2601D4A3002F700A /* Debug */,
				1E6EF8002601D4A3002F700A /* Release */,
			);
			defaultConfigurationIsVisible = 0;
			defaultConfigurationName = Release;
		};
/* End XCConfigurationList section */
	};
	rootObject = 1E6EF7C62601D4A2002F700A /* Project object */;
}
